# This file is autogenerated, do not edit; changes may be undone by the next 'dep ensure'.


[[projects]]
  branch = "master"
  digest = "1:45ff2caef7ddc48080b8d523c7d3337c7392050438ec194399a99f642048bf32"
  name = "github.com/apisit/binance-go"
  packages = [
    ".",
    "account",
    "client",
    "general",
    "market",
    "stream",
  ]
  pruneopts = "UT"
  revision = "88952ddc8c9903dd0ac189b6c2ebee6a6c4c6b98"

[[projects]]
  digest = "1:d5f97fc268267ec1b61c3453058c738246fc3e746f14b1ae25161513b7367b0c"
  name = "github.com/gorilla/mux"
  packages = ["."]
  pruneopts = "UT"
  revision = "c5c6c98bc25355028a63748a498942a6398ccd22"
  version = "v1.7.1"

[[projects]]
  digest = "1:7b5c6e2eeaa9ae5907c391a91c132abfd5c9e8a784a341b5625e750c67e6825d"
  name = "github.com/gorilla/websocket"
  packages = ["."]
  pruneopts = "UT"
  revision = "66b9c49e59c6c48f0ffce28c2d8b8a5678502c6d"
  version = "v1.4.0"

[[projects]]
  branch = "master"
  digest = "1:61899715ee4a5e7add4ebddac64cb631a9f477234055ae29a5a5790e003cce0c"
  name = "github.com/mikeflynn/go-alexa"
  packages = [
    "skillserver",
    "skillserver/dialog",
  ]
  pruneopts = "UT"
  revision = "a6af545a423613c641bf760600e729115d0eabd2"

[[projects]]
  digest = "1:d688f4ad71b5dfad95c2d74cb0feac09f8f3c32ae5cecc078230dbdeece39e53"
  name = "github.com/urfave/negroni"
  packages = ["."]
  pruneopts = "UT"
  revision = "c6a59be0ce122566695fbd5e48a77f8f10c8a63a"
  version = "v1.0.0"

[solve-meta]
  analyzer-name = "dep"
  analyzer-version = 1
  input-imports = [
    "github.com/apisit/binance-go",
    "github.com/apisit/binance-go/market",
    "github.com/mikeflynn/go-alexa/skillserver",
  ]
  solver-name = "gps-cdcl"
  solver-version = 1
